// !$*UTF8*$!
{
	archiveVersion = 1;
	classes = {
	};
	objectVersion = 46;
	objects = {

/* Begin PBXBuildFile section */
		2474E6901C022F1500AD3681 /* NSMutableArray+Shuffle.m in Sources */ = {isa = PBXBuildFile; fileRef = 2474E68F1C022F1500AD3681 /* NSMutableArray+Shuffle.m */; };
		24A5FCBE1C00699F00BE6D3D /* NSMutableArray+Random.m in Sources */ = {isa = PBXBuildFile; fileRef = 24A5FCBD1C00699F00BE6D3D /* NSMutableArray+Random.m */; };
		24A5FCC41C006B9600BE6D3D /* SASelection.m in Sources */ = {isa = PBXBuildFile; fileRef = 24A5FCC31C006B9600BE6D3D /* SASelection.m */; };
		24A5FCC71C0082FE00BE6D3D /* SAInsertion.m in Sources */ = {isa = PBXBuildFile; fileRef = 24A5FCC61C0082FE00BE6D3D /* SAInsertion.m */; };
		24A5FCCA1C008DD400BE6D3D /* SAShellsort.m in Sources */ = {isa = PBXBuildFile; fileRef = 24A5FCC91C008DD400BE6D3D /* SAShellsort.m */; };
		24A5FCCD1C010F5B00BE6D3D /* SAMergesort.m in Sources */ = {isa = PBXBuildFile; fileRef = 24A5FCCC1C010F5B00BE6D3D /* SAMergesort.m */; };
		24A5FCD01C01377A00BE6D3D /* SAQuicksort.m in Sources */ = {isa = PBXBuildFile; fileRef = 24A5FCCF1C01377A00BE6D3D /* SAQuicksort.m */; };
		24E8062D1C00660F0050A241 /* main.m in Sources */ = {isa = PBXBuildFile; fileRef = 24E8062C1C00660F0050A241 /* main.m */; };
/* End PBXBuildFile section */

/* Begin PBXCopyFilesBuildPhase section */
		24E806271C00660F0050A241 /* CopyFiles */ = {
			isa = PBXCopyFilesBuildPhase;
			buildActionMask = 2147483647;
			dstPath = /usr/share/man/man1/;
			dstSubfolderSpec = 0;
			files = (
			);
			runOnlyForDeploymentPostprocessing = 1;
		};
/* End PBXCopyFilesBuildPhase section */

/* Begin PBXFileReference section */
		2474E68E1C022F1500AD3681 /* NSMutableArray+Shuffle.h */ = {isa = PBXFileReference; fileEncoding = 4; lastKnownFileType = sourcecode.c.h; path = "NSMutableArray+Shuffle.h"; sourceTree = "<group>"; };
		2474E68F1C022F1500AD3681 /* NSMutableArray+Shuffle.m */ = {isa = PBXFileReference; fileEncoding = 4; lastKnownFileType = sourcecode.c.objc; path = "NSMutableArray+Shuffle.m"; sourceTree = "<group>"; };
		24A5FCBC1C00699F00BE6D3D /* NSMutableArray+Random.h */ = {isa = PBXFileReference; fileEncoding = 4; lastKnownFileType = sourcecode.c.h; path = "NSMutableArray+Random.h"; sourceTree = "<group>"; };
		24A5FCBD1C00699F00BE6D3D /* NSMutableArray+Random.m */ = {isa = PBXFileReference; fileEncoding = 4; lastKnownFileType = sourcecode.c.objc; path = "NSMutableArray+Random.m"; sourceTree = "<group>"; };
		24A5FCC21C006B9600BE6D3D /* SASelection.h */ = {isa = PBXFileReference; fileEncoding = 4; lastKnownFileType = sourcecode.c.h; path = SASelection.h; sourceTree = "<group>"; };
		24A5FCC31C006B9600BE6D3D /* SASelection.m */ = {isa = PBXFileReference; fileEncoding = 4; lastKnownFileType = sourcecode.c.objc; path = SASelection.m; sourceTree = "<group>"; };
		24A5FCC51C0082FE00BE6D3D /* SAInsertion.h */ = {isa = PBXFileReference; fileEncoding = 4; lastKnownFileType = sourcecode.c.h; path = SAInsertion.h; sourceTree = "<group>"; };
		24A5FCC61C0082FE00BE6D3D /* SAInsertion.m */ = {isa = PBXFileReference; fileEncoding = 4; lastKnownFileType = sourcecode.c.objc; path = SAInsertion.m; sourceTree = "<group>"; };
		24A5FCC81C008DD400BE6D3D /* SAShellsort.h */ = {isa = PBXFileReference; fileEncoding = 4; lastKnownFileType = sourcecode.c.h; path = SAShellsort.h; sourceTree = "<group>"; };
		24A5FCC91C008DD400BE6D3D /* SAShellsort.m */ = {isa = PBXFileReference; fileEncoding = 4; lastKnownFileType = sourcecode.c.objc; path = SAShellsort.m; sourceTree = "<group>"; };
		24A5FCCB1C010F5B00BE6D3D /* SAMergesort.h */ = {isa = PBXFileReference; fileEncoding = 4; lastKnownFileType = sourcecode.c.h; path = SAMergesort.h; sourceTree = "<group>"; };
		24A5FCCC1C010F5B00BE6D3D /* SAMergesort.m */ = {isa = PBXFileReference; fileEncoding = 4; lastKnownFileType = sourcecode.c.objc; path = SAMergesort.m; sourceTree = "<group>"; };
		24A5FCCE1C01377A00BE6D3D /* SAQuicksort.h */ = {isa = PBXFileReference; fileEncoding = 4; lastKnownFileType = sourcecode.c.h; path = SAQuicksort.h; sourceTree = "<group>"; };
		24A5FCCF1C01377A00BE6D3D /* SAQuicksort.m */ = {isa = PBXFileReference; fileEncoding = 4; lastKnownFileType = sourcecode.c.objc; path = SAQuicksort.m; sourceTree = "<group>"; };
		24E806291C00660F0050A241 /* Sorting Algorithms */ = {isa = PBXFileReference; explicitFileType = "compiled.mach-o.executable"; includeInIndex = 0; path = "Sorting Algorithms"; sourceTree = BUILT_PRODUCTS_DIR; };
		24E8062C1C00660F0050A241 /* main.m */ = {isa = PBXFileReference; lastKnownFileType = sourcecode.c.objc; path = main.m; sourceTree = "<group>"; };
/* End PBXFileReference section */

/* Begin PBXFrameworksBuildPhase section */
		24E806261C00660F0050A241 /* Frameworks */ = {
			isa = PBXFrameworksBuildPhase;
			buildActionMask = 2147483647;
			files = (
			);
			runOnlyForDeploymentPostprocessing = 0;
		};
/* End PBXFrameworksBuildPhase section */

/* Begin PBXGroup section */
		24E806201C00660F0050A241 = {
			isa = PBXGroup;
			children = (
				24E8062B1C00660F0050A241 /* Sorting Algorithms */,
				24E8062A1C00660F0050A241 /* Products */,
			);
			sourceTree = "<group>";
		};
		24E8062A1C00660F0050A241 /* Products */ = {
			isa = PBXGroup;
			children = (
				24E806291C00660F0050A241 /* Sorting Algorithms */,
			);
			name = Products;
			sourceTree = "<group>";
		};
		24E8062B1C00660F0050A241 /* Sorting Algorithms */ = {
			isa = PBXGroup;
			children = (
				24E8062C1C00660F0050A241 /* main.m */,
				24A5FCC21C006B9600BE6D3D /* SASelection.h */,
				24A5FCC31C006B9600BE6D3D /* SASelection.m */,
				24A5FCC51C0082FE00BE6D3D /* SAInsertion.h */,
				24A5FCC61C0082FE00BE6D3D /* SAInsertion.m */,
				24A5FCC81C008DD400BE6D3D /* SAShellsort.h */,
				24A5FCC91C008DD400BE6D3D /* SAShellsort.m */,
				24A5FCCB1C010F5B00BE6D3D /* SAMergesort.h */,
				24A5FCCC1C010F5B00BE6D3D /* SAMergesort.m */,
				24A5FCCE1C01377A00BE6D3D /* SAQuicksort.h */,
				24A5FCCF1C01377A00BE6D3D /* SAQuicksort.m */,
				24A5FCBC1C00699F00BE6D3D /* NSMutableArray+Random.h */,
				24A5FCBD1C00699F00BE6D3D /* NSMutableArray+Random.m */,
				2474E68E1C022F1500AD3681 /* NSMutableArray+Shuffle.h */,
				2474E68F1C022F1500AD3681 /* NSMutableArray+Shuffle.m */,
			);
			path = "Sorting Algorithms";
			sourceTree = "<group>";
		};
/* End PBXGroup section */

/* Begin PBXNativeTarget section */
		24E806281C00660F0050A241 /* Sorting Algorithms */ = {
			isa = PBXNativeTarget;
			buildConfigurationList = 24E806301C00660F0050A241 /* Build configuration list for PBXNativeTarget "Sorting Algorithms" */;
			buildPhases = (
				24E806251C00660F0050A241 /* Sources */,
				24E806261C00660F0050A241 /* Frameworks */,
				24E806271C00660F0050A241 /* CopyFiles */,
			);
			buildRules = (
			);
			dependencies = (
			);
			name = "Sorting Algorithms";
			productName = "Sorting Algorithms";
			productReference = 24E806291C00660F0050A241 /* Sorting Algorithms */;
			productType = "com.apple.product-type.tool";
		};
/* End PBXNativeTarget section */

/* Begin PBXProject section */
		24E806211C00660F0050A241 /* Project object */ = {
			isa = PBXProject;
			attributes = {
				LastUpgradeCheck = 0710;
				ORGANIZATIONNAME = "Viktor Starovoitov";
				TargetAttributes = {
					24E806281C00660F0050A241 = {
						CreatedOnToolsVersion = 7.1.1;
					};
				};
			};
			buildConfigurationList = 24E806241C00660F0050A241 /* Build configuration list for PBXProject "Sorting Algorithms" */;
			compatibilityVersion = "Xcode 3.2";
			developmentRegion = English;
			hasScannedForEncodings = 0;
			knownRegions = (
				en,
			);
			mainGroup = 24E806201C00660F0050A241;
			productRefGroup = 24E8062A1C00660F0050A241 /* Products */;
			projectDirPath = "";
			projectRoot = "";
			targets = (
				24E806281C00660F0050A241 /* Sorting Algorithms */,
			);
		};
/* End PBXProject section */

/* Begin PBXSourcesBuildPhase section */
		24E806251C00660F0050A241 /* Sources */ = {
			isa = PBXSourcesBuildPhase;
			buildActionMask = 2147483647;
			files = (
				24A5FCD01C01377A00BE6D3D /* SAQuicksort.m in Sources */,
				24A5FCCD1C010F5B00BE6D3D /* SAMergesort.m in Sources */,
				24A5FCCA1C008DD400BE6D3D /* SAShellsort.m in Sources */,
				24A5FCC41C006B9600BE6D3D /* SASelection.m in Sources */,
				24A5FCBE1C00699F00BE6D3D /* NSMutableArray+Random.m in Sources */,
				2474E6901C022F1500AD3681 /* NSMutableArray+Shuffle.m in Sources */,
				24E8062D1C00660F0050A241 /* main.m in Sources */,
				24A5FCC71C0082FE00BE6D3D /* SAInsertion.m in Sources */,
			);
			runOnlyForDeploymentPostprocessing = 0;
		};
/* End PBXSourcesBuildPhase section */

/* Begin XCBuildConfiguration section */
		24E8062E1C00660F0050A241 /* Debug */ = {
			isa = XCBuildConfiguration;
			buildSettings = {
				ALWAYS_SEARCH_USER_PATHS = NO;
				CLANG_CXX_LANGUAGE_STANDARD = "gnu++0x";
				CLANG_CXX_LIBRARY = "libc++";
				CLANG_ENABLE_MODULES = YES;
				CLANG_ENABLE_OBJC_ARC = YES;
				CLANG_WARN_BOOL_CONVERSION = YES;
				CLANG_WARN_CONSTANT_CONVERSION = YES;
				CLANG_WARN_DIRECT_OBJC_ISA_USAGE = YES_ERROR;
				CLANG_WARN_EMPTY_BODY = YES;
				CLANG_WARN_ENUM_CONVERSION = YES;
				CLANG_WARN_INT_CONVERSION = YES;
				CLANG_WARN_OBJC_ROOT_CLASS = YES_ERROR;
				CLANG_WARN_UNREACHABLE_CODE = YES;
				CLANG_WARN__DUPLICATE_METHOD_MATCH = YES;
				CODE_SIGN_IDENTITY = "-";
				COPY_PHASE_STRIP = NO;
				DEBUG_INFORMATION_FORMAT = dwarf;
				ENABLE_STRICT_OBJC_MSGSEND = YES;
				ENABLE_TESTABILITY = YES;
				GCC_C_LANGUAGE_STANDARD = gnu99;
				GCC_DYNAMIC_NO_PIC = NO;
				GCC_NO_COMMON_BLOCKS = YES;
				GCC_OPTIMIZATION_LEVEL = 0;
				GCC_PREPROCESSOR_DEFINITIONS = (
					"DEBUG=1",
					"$(inherited)",
				);
				GCC_WARN_64_TO_32_BIT_CONVERSION = YES;
				GCC_WARN_ABOUT_RETURN_TYPE = YES_ERROR;
				GCC_WARN_UNDECLARED_SELECTOR = YES;
				GCC_WARN_UNINITIALIZED_AUTOS = YES_AGGRESSIVE;
				GCC_WARN_UNUSED_FUNCTION = YES;
				GCC_WARN_UNUSED_VARIABLE = YES;
				MACOSX_DEPLOYMENT_TARGET = 10.11;
				MTL_ENABLE_DEBUG_INFO = YES;
				ONLY_ACTIVE_ARCH = YES;
				SDKROOT = macosx;
			};
			name = Debug;
		};
		24E8062F1C00660F0050A241 /* Release */ = {
			isa = XCBuildConfiguration;
			buildSettings = {
				ALWAYS_SEARCH_USER_PATHS = NO;
				CLANG_CXX_LANGUAGE_STANDARD = "gnu++0x";
				CLANG_CXX_LIBRARY = "libc++";
				CLANG_ENABLE_MODULES = YES;
				CLANG_ENABLE_OBJC_ARC = YES;
				CLANG_WARN_BOOL_CONVERSION = YES;
				CLANG_WARN_CONSTANT_CONVERSION = YES;
				CLANG_WARN_DIRECT_OBJC_ISA_USAGE = YES_ERROR;
				CLANG_WARN_EMPTY_BODY = YES;
				CLANG_WARN_ENUM_CONVERSION = YES;
				CLANG_WARN_INT_CONVERSION = YES;
				CLANG_WARN_OBJC_ROOT_CLASS = YES_ERROR;
				CLANG_WARN_UNREACHABLE_CODE = YES;
				CLANG_WARN__DUPLICATE_METHOD_MATCH = YES;
				CODE_SIGN_IDENTITY = "-";
				COPY_PHASE_STRIP = NO;
				DEBUG_INFORMATION_FORMAT = "dwarf-with-dsym";
				ENABLE_NS_ASSERTIONS = NO;
				ENABLE_STRICT_OBJC_MSGSEND = YES;
				GCC_C_LANGUAGE_STANDARD = gnu99;
				GCC_NO_COMMON_BLOCKS = YES;
				GCC_WARN_64_TO_32_BIT_CONVERSION = YES;
				GCC_WARN_ABOUT_RETURN_TYPE = YES_ERROR;
				GCC_WARN_UNDECLARED_SELECTOR = YES;
				GCC_WARN_UNINITIALIZED_AUTOS = YES_AGGRESSIVE;
				GCC_WARN_UNUSED_FUNCTION = YES;
				GCC_WARN_UNUSED_VARIABLE = YES;
				MACOSX_DEPLOYMENT_TARGET = 10.11;
				MTL_ENABLE_DEBUG_INFO = NO;
				SDKROOT = macosx;
			};
			name = Release;
		};
		24E806311C00660F0050A241 /* Debug */ = {
			isa = XCBuildConfiguration;
			buildSettings = {
				PRODUCT_NAME = "$(TARGET_NAME)";
			};
			name = Debug;
		};
		24E806321C00660F0050A241 /* Release */ = {
			isa = XCBuildConfiguration;
			buildSettings = {
				PRODUCT_NAME = "$(TARGET_NAME)";
			};
			name = Release;
		};
/* End XCBuildConfiguration section */

/* Begin XCConfigurationList section */
		24E806241C00660F0050A241 /* Build configuration list for PBXProject "Sorting Algorithms" */ = {
			isa = XCConfigurationList;
			buildConfigurations = (
				24E8062E1C00660F0050A241 /* Debug */,
				24E8062F1C00660F0050A241 /* Release */,
			);
			defaultConfigurationIsVisible = 0;
			defaultConfigurationName = Release;
		};
		24E806301C00660F0050A241 /* Build configuration list for PBXNativeTarget "Sorting Algorithms" */ = {
			isa = XCConfigurationList;
			buildConfigurations = (
				24E806311C00660F0050A241 /* Debug */,
				24E806321C00660F0050A241 /* Release */,
			);
			defaultConfigurationIsVisible = 0;
			defaultConfigurationName = Release;
		};
/* End XCConfigurationList section */
	};
	rootObject = 24E806211C00660F0050A241 /* Project object */;
}
